
Microsoft Visual Studio Solution File, Format Version 12.00
# Visual Studio 14
VisualStudioVersion = 14.0.25123.0
MinimumVisualStudioVersion = 10.0.40219.1
Project("{8BC9CEB8-8B4A-11D0-8D11-00A0C91BC942}") = "01-HeapStack", "01-HeapStack\01-HeapStack.vcxproj", "{A4A1DC07-30B8-40B6-BF00-6CA2B410A58A}"
EndProject
Project("{8BC9CEB8-8B4A-11D0-8D11-00A0C91BC942}") = "02-PointerArithmetic", "02-PointerArithmetic\02-PointerArithmetic.vcxproj", "{854DCB7C-C320-4FBE-9A48-1C2D8955116A}"
EndProject
Project("{8BC9CEB8-8B4A-11D0-8D11-00A0C91BC942}") = "03-References", "03-References\03-References.vcxproj", "{A3952525-9B07-4719-96C0-A08FC7F59EEB}"
EndProject
Project("{8BC9CEB8-8B4A-11D0-8D11-00A0C91BC942}") = "04-Compilation", "04-Compilation\04-Compilation.vcxproj", "{98F61E37-2F74-4F3B-B8C3-18ED605C204B}"
EndProject
Project("{8BC9CEB8-8B4A-11D0-8D11-00A0C91BC942}") = "05-FileIO", "05-FileIO\05-FileIO.vcxproj", "{646785F3-ED7C-4D5B-93E5-0CBE1DD2FA11}"
EndProject
Global
	GlobalSection(SolutionConfigurationPlatforms) = preSolution
		Debug|x64 = Debug|x64
		Debug|x86 = Debug|x86
		Release|x64 = Release|x64
		Release|x86 = Release|x86
	EndGlobalSection
	GlobalSection(ProjectConfigurationPlatforms) = postSolution
		{A4A1DC07-30B8-40B6-BF00-6CA2B410A58A}.Debug|x64.ActiveCfg = Debug|x64
		{A4A1DC07-30B8-40B6-BF00-6CA2B410A58A}.Debug|x64.Build.0 = Debug|x64
		{A4A1DC07-30B8-40B6-BF00-6CA2B410A58A}.Debug|x86.ActiveCfg = Debug|Win32
		{A4A1DC07-30B8-40B6-BF00-6CA2B410A58A}.Debug|x86.Build.0 = Debug|Win32
		{A4A1DC07-30B8-40B6-BF00-6CA2B410A58A}.Release|x64.ActiveCfg = Release|x64
		{A4A1DC07-30B8-40B6-BF00-6CA2B410A58A}.Release|x64.Build.0 = Release|x64
		{A4A1DC07-30B8-40B6-BF00-6CA2B410A58A}.Release|x86.ActiveCfg = Release|Win32
		{A4A1DC07-30B8-40B6-BF00-6CA2B410A58A}.Release|x86.Build.0 = Release|Win32
		{854DCB7C-C320-4FBE-9A48-1C2D8955116A}.Debug|x64.ActiveCfg = Debug|x64
		{854DCB7C-C320-4FBE-9A48-1C2D8955116A}.Debug|x64.Build.0 = Debug|x64
		{854DCB7C-C320-4FBE-9A48-1C2D8955116A}.Debug|x86.ActiveCfg = Debug|Win32
		{854DCB7C-C320-4FBE-9A48-1C2D8955116A}.Debug|x86.Build.0 = Debug|Win32
		{854DCB7C-C320-4FBE-9A48-1C2D8955116A}.Release|x64.ActiveCfg = Release|x64
		{854DCB7C-C320-4FBE-9A48-1C2D8955116A}.Release|x64.Build.0 = Release|x64
		{854DCB7C-C320-4FBE-9A48-1C2D8955116A}.Release|x86.ActiveCfg = Release|Win32
		{854DCB7C-C320-4FBE-9A48-1C2D8955116A}.Release|x86.Build.0 = Release|Win32
		{A3952525-9B07-4719-96C0-A08FC7F59EEB}.Debug|x64.ActiveCfg = Debug|x64
		{A3952525-9B07-4719-96C0-A08FC7F59EEB}.Debug|x64.Build.0 = Debug|x64
		{A3952525-9B07-4719-96C0-A08FC7F59EEB}.Debug|x86.ActiveCfg = Debug|Win32
		{A3952525-9B07-4719-96C0-A08FC7F59EEB}.Debug|x86.Build.0 = Debug|Win32
		{A3952525-9B07-4719-96C0-A08FC7F59EEB}.Release|x64.ActiveCfg = Release|x64
		{A3952525-9B07-4719-96C0-A08FC7F59EEB}.Release|x64.Build.0 = Release|x64
		{A3952525-9B07-4719-96C0-A08FC7F59EEB}.Release|x86.ActiveCfg = Release|Win32
		{A3952525-9B07-4719-96C0-A08FC7F59EEB}.Release|x86.Build.0 = Release|Win32
		{98F61E37-2F74-4F3B-B8C3-18ED605C204B}.Debug|x64.ActiveCfg = Debug|x64
		{98F61E37-2F74-4F3B-B8C3-18ED605C204B}.Debug|x64.Build.0 = Debug|x64
		{98F61E37-2F74-4F3B-B8C3-18ED605C204B}.Debug|x86.ActiveCfg = Debug|Win32
		{98F61E37-2F74-4F3B-B8C3-18ED605C204B}.Debug|x86.Build.0 = Debug|Win32
		{98F61E37-2F74-4F3B-B8C3-18ED605C204B}.Release|x64.ActiveCfg = Release|x64
		{98F61E37-2F74-4F3B-B8C3-18ED605C204B}.Release|x64.Build.0 = Release|x64
		{98F61E37-2F74-4F3B-B8C3-18ED605C204B}.Release|x86.ActiveCfg = Release|Win32
		{98F61E37-2F74-4F3B-B8C3-18ED605C204B}.Release|x86.Build.0 = Release|Win32
		{646785F3-ED7C-4D5B-93E5-0CBE1DD2FA11}.Debug|x64.ActiveCfg = Debug|x64
		{646785F3-ED7C-4D5B-93E5-0CBE1DD2FA11}.Debug|x64.Build.0 = Debug|x64
		{646785F3-ED7C-4D5B-93E5-0CBE1DD2FA11}.Debug|x86.ActiveCfg = Debug|Win32
		{646785F3-ED7C-4D5B-93E5-0CBE1DD2FA11}.Debug|x86.Build.0 = Debug|Win32
		{646785F3-ED7C-4D5B-93E5-0CBE1DD2FA11}.Release|x64.ActiveCfg = Release|x64
		{646785F3-ED7C-4D5B-93E5-0CBE1DD2FA11}.Release|x64.Build.0 = Release|x64
		{646785F3-ED7C-4D5B-93E5-0CBE1DD2FA11}.Release|x86.ActiveCfg = Release|Win32
		{646785F3-ED7C-4D5B-93E5-0CBE1DD2FA11}.Release|x86.Build.0 = Release|Win32
	EndGlobalSection
	GlobalSection(SolutionProperties) = preSolution
		HideSolutionNode = FALSE
	EndGlobalSection
EndGlobal
